// !$*UTF8*$!
{
	archiveVersion = 1;
	classes = {
	};
	objectVersion = 56;
	objects = {

/* Begin PBXBuildFile section */
		7E6452C22B13FCCD00D6945B /* ForgetPwdView.swift in Sources */ = {isa = PBXBuildFile; fileRef = 7E6452C12B13FCCD00D6945B /* ForgetPwdView.swift */; };
		7E6452C42B14111D00D6945B /* ResetPwdView.swift in Sources */ = {isa = PBXBuildFile; fileRef = 7E6452C32B14111D00D6945B /* ResetPwdView.swift */; };
		7E6452C62B1417C100D6945B /* OTPView.swift in Sources */ = {isa = PBXBuildFile; fileRef = 7E6452C52B1417C100D6945B /* OTPView.swift */; };
		7E6452C82B14EEDE00D6945B /* ProfileView.swift in Sources */ = {isa = PBXBuildFile; fileRef = 7E6452C72B14EEDE00D6945B /* ProfileView.swift */; };
		7E6452CA2B14F6B500D6945B /* AccountPage.swift in Sources */ = {isa = PBXBuildFile; fileRef = 7E6452C92B14F6B500D6945B /* AccountPage.swift */; };
		7E6452CC2B14F70400D6945B /* AchievementsPage.swift in Sources */ = {isa = PBXBuildFile; fileRef = 7E6452CB2B14F70400D6945B /* AchievementsPage.swift */; };
		7E6452CF2B1526B700D6945B /* LoginModel.swift in Sources */ = {isa = PBXBuildFile; fileRef = 7E6452CE2B1526B700D6945B /* LoginModel.swift */; };
		7E6452D22B15270800D6945B /* UserService.swift in Sources */ = {isa = PBXBuildFile; fileRef = 7E6452D12B15270800D6945B /* UserService.swift */; };
		7E6452D72B1527FA00D6945B /* LoginViewModel.swift in Sources */ = {isa = PBXBuildFile; fileRef = 7E6452D62B1527FA00D6945B /* LoginViewModel.swift */; };
		7E6452D92B167B9100D6945B /* UserModel.swift in Sources */ = {isa = PBXBuildFile; fileRef = 7E6452D82B167B9000D6945B /* UserModel.swift */; };
		7E6452DB2B167C4200D6945B /* RegisterViewModel.swift in Sources */ = {isa = PBXBuildFile; fileRef = 7E6452DA2B167C4200D6945B /* RegisterViewModel.swift */; };
		7E6452DD2B167CDC00D6945B /* RegisterModel.swift in Sources */ = {isa = PBXBuildFile; fileRef = 7E6452DC2B167CDC00D6945B /* RegisterModel.swift */; };
		7E6452DF2B1695F600D6945B /* ProfileViewModel.swift in Sources */ = {isa = PBXBuildFile; fileRef = 7E6452DE2B1695F600D6945B /* ProfileViewModel.swift */; };
		7E6452E12B17AB9A00D6945B /* ForgetPwdViewModel.swift in Sources */ = {isa = PBXBuildFile; fileRef = 7E6452E02B17AB9A00D6945B /* ForgetPwdViewModel.swift */; };
		7E6452E32B17F61B00D6945B /* OTPViewModel.swift in Sources */ = {isa = PBXBuildFile; fileRef = 7E6452E22B17F61B00D6945B /* OTPViewModel.swift */; };
		7E6452E52B1B5ECD00D6945B /* ResetPwdViewModel.swift in Sources */ = {isa = PBXBuildFile; fileRef = 7E6452E42B1B5ECD00D6945B /* ResetPwdViewModel.swift */; };
		7EB4C1062B124C4700105DF4 /* EcoPlay_ios_frontApp.swift in Sources */ = {isa = PBXBuildFile; fileRef = 7EB4C1052B124C4700105DF4 /* EcoPlay_ios_frontApp.swift */; };
		7EB4C1082B124C4700105DF4 /* ContentView.swift in Sources */ = {isa = PBXBuildFile; fileRef = 7EB4C1072B124C4700105DF4 /* ContentView.swift */; };
		7EB4C10A2B124C4900105DF4 /* Assets.xcassets in Resources */ = {isa = PBXBuildFile; fileRef = 7EB4C1092B124C4900105DF4 /* Assets.xcassets */; };
		7EB4C10D2B124C4900105DF4 /* Preview Assets.xcassets in Resources */ = {isa = PBXBuildFile; fileRef = 7EB4C10C2B124C4900105DF4 /* Preview Assets.xcassets */; };
		7EB4C10F2B124C4900105DF4 /* Persistence.swift in Sources */ = {isa = PBXBuildFile; fileRef = 7EB4C10E2B124C4900105DF4 /* Persistence.swift */; };
		7EB4C1122B124C4900105DF4 /* EcoPlay_ios_front.xcdatamodeld in Sources */ = {isa = PBXBuildFile; fileRef = 7EB4C1102B124C4900105DF4 /* EcoPlay_ios_front.xcdatamodeld */; };
		7EB4C11C2B139EFE00105DF4 /* LoginView.swift in Sources */ = {isa = PBXBuildFile; fileRef = 7EB4C11B2B139EFE00105DF4 /* LoginView.swift */; };
		7EB4C11F2B13B51200105DF4 /* CustomTF.swift in Sources */ = {isa = PBXBuildFile; fileRef = 7EB4C11E2B13B51200105DF4 /* CustomTF.swift */; };
		7EB4C1212B13D22D00105DF4 /* RegisterView.swift in Sources */ = {isa = PBXBuildFile; fileRef = 7EB4C1202B13D22D00105DF4 /* RegisterView.swift */; };
/* End PBXBuildFile section */

/* Begin PBXFileReference section */
		7E6452C12B13FCCD00D6945B /* ForgetPwdView.swift */ = {isa = PBXFileReference; lastKnownFileType = sourcecode.swift; path = ForgetPwdView.swift; sourceTree = "<group>"; };
		7E6452C32B14111D00D6945B /* ResetPwdView.swift */ = {isa = PBXFileReference; lastKnownFileType = sourcecode.swift; path = ResetPwdView.swift; sourceTree = "<group>"; };
		7E6452C52B1417C100D6945B /* OTPView.swift */ = {isa = PBXFileReference; lastKnownFileType = sourcecode.swift; path = OTPView.swift; sourceTree = "<group>"; };
		7E6452C72B14EEDE00D6945B /* ProfileView.swift */ = {isa = PBXFileReference; lastKnownFileType = sourcecode.swift; path = ProfileView.swift; sourceTree = "<group>"; };
		7E6452C92B14F6B500D6945B /* AccountPage.swift */ = {isa = PBXFileReference; lastKnownFileType = sourcecode.swift; path = AccountPage.swift; sourceTree = "<group>"; };
		7E6452CB2B14F70400D6945B /* AchievementsPage.swift */ = {isa = PBXFileReference; lastKnownFileType = sourcecode.swift; path = AchievementsPage.swift; sourceTree = "<group>"; };
		7E6452CE2B1526B700D6945B /* LoginModel.swift */ = {isa = PBXFileReference; lastKnownFileType = sourcecode.swift; path = LoginModel.swift; sourceTree = "<group>"; };
		7E6452D12B15270800D6945B /* UserService.swift */ = {isa = PBXFileReference; lastKnownFileType = sourcecode.swift; path = UserService.swift; sourceTree = "<group>"; };
		7E6452D62B1527FA00D6945B /* LoginViewModel.swift */ = {isa = PBXFileReference; lastKnownFileType = sourcecode.swift; path = LoginViewModel.swift; sourceTree = "<group>"; };
		7E6452D82B167B9000D6945B /* UserModel.swift */ = {isa = PBXFileReference; lastKnownFileType = sourcecode.swift; path = UserModel.swift; sourceTree = "<group>"; };
		7E6452DA2B167C4200D6945B /* RegisterViewModel.swift */ = {isa = PBXFileReference; lastKnownFileType = sourcecode.swift; path = RegisterViewModel.swift; sourceTree = "<group>"; };
		7E6452DC2B167CDC00D6945B /* RegisterModel.swift */ = {isa = PBXFileReference; lastKnownFileType = sourcecode.swift; path = RegisterModel.swift; sourceTree = "<group>"; };
		7E6452DE2B1695F600D6945B /* ProfileViewModel.swift */ = {isa = PBXFileReference; lastKnownFileType = sourcecode.swift; path = ProfileViewModel.swift; sourceTree = "<group>"; };
		7E6452E02B17AB9A00D6945B /* ForgetPwdViewModel.swift */ = {isa = PBXFileReference; lastKnownFileType = sourcecode.swift; path = ForgetPwdViewModel.swift; sourceTree = "<group>"; };
		7E6452E22B17F61B00D6945B /* OTPViewModel.swift */ = {isa = PBXFileReference; lastKnownFileType = sourcecode.swift; path = OTPViewModel.swift; sourceTree = "<group>"; };
		7E6452E42B1B5ECD00D6945B /* ResetPwdViewModel.swift */ = {isa = PBXFileReference; lastKnownFileType = sourcecode.swift; path = ResetPwdViewModel.swift; sourceTree = "<group>"; };
		7EB4C1022B124C4700105DF4 /* EcoPlay_ios_front.app */ = {isa = PBXFileReference; explicitFileType = wrapper.application; includeInIndex = 0; path = EcoPlay_ios_front.app; sourceTree = BUILT_PRODUCTS_DIR; };
		7EB4C1052B124C4700105DF4 /* EcoPlay_ios_frontApp.swift */ = {isa = PBXFileReference; lastKnownFileType = sourcecode.swift; path = EcoPlay_ios_frontApp.swift; sourceTree = "<group>"; };
		7EB4C1072B124C4700105DF4 /* ContentView.swift */ = {isa = PBXFileReference; lastKnownFileType = sourcecode.swift; path = ContentView.swift; sourceTree = "<group>"; };
		7EB4C1092B124C4900105DF4 /* Assets.xcassets */ = {isa = PBXFileReference; lastKnownFileType = folder.assetcatalog; path = Assets.xcassets; sourceTree = "<group>"; };
		7EB4C10C2B124C4900105DF4 /* Preview Assets.xcassets */ = {isa = PBXFileReference; lastKnownFileType = folder.assetcatalog; path = "Preview Assets.xcassets"; sourceTree = "<group>"; };
		7EB4C10E2B124C4900105DF4 /* Persistence.swift */ = {isa = PBXFileReference; lastKnownFileType = sourcecode.swift; path = Persistence.swift; sourceTree = "<group>"; };
		7EB4C1112B124C4900105DF4 /* EcoPlay_ios_front.xcdatamodel */ = {isa = PBXFileReference; lastKnownFileType = wrapper.xcdatamodel; path = EcoPlay_ios_front.xcdatamodel; sourceTree = "<group>"; };
		7EB4C11B2B139EFE00105DF4 /* LoginView.swift */ = {isa = PBXFileReference; lastKnownFileType = sourcecode.swift; path = LoginView.swift; sourceTree = "<group>"; };
		7EB4C11E2B13B51200105DF4 /* CustomTF.swift */ = {isa = PBXFileReference; lastKnownFileType = sourcecode.swift; path = CustomTF.swift; sourceTree = "<group>"; };
		7EB4C1202B13D22D00105DF4 /* RegisterView.swift */ = {isa = PBXFileReference; lastKnownFileType = sourcecode.swift; path = RegisterView.swift; sourceTree = "<group>"; };
/* End PBXFileReference section */

/* Begin PBXFrameworksBuildPhase section */
		7EB4C0FF2B124C4700105DF4 /* Frameworks */ = {
			isa = PBXFrameworksBuildPhase;
			buildActionMask = 2147483647;
			files = (
			);
			runOnlyForDeploymentPostprocessing = 0;
		};
/* End PBXFrameworksBuildPhase section */

/* Begin PBXGroup section */
		7E6452CD2B15262B00D6945B /* Model */ = {
			isa = PBXGroup;
			children = (
				7E6452CE2B1526B700D6945B /* LoginModel.swift */,
				7E6452D82B167B9000D6945B /* UserModel.swift */,
				7E6452DC2B167CDC00D6945B /* RegisterModel.swift */,
			);
			path = Model;
			sourceTree = "<group>";
		};
		7E6452D02B1526E400D6945B /* ApiService */ = {
			isa = PBXGroup;
			children = (
				7E6452D12B15270800D6945B /* UserService.swift */,
			);
			path = ApiService;
			sourceTree = "<group>";
		};
		7E6452D32B15278800D6945B /* ViewModel */ = {
			isa = PBXGroup;
			children = (
				7E6452D62B1527FA00D6945B /* LoginViewModel.swift */,
				7E6452DA2B167C4200D6945B /* RegisterViewModel.swift */,
				7E6452DE2B1695F600D6945B /* ProfileViewModel.swift */,
				7E6452E02B17AB9A00D6945B /* ForgetPwdViewModel.swift */,
				7E6452E22B17F61B00D6945B /* OTPViewModel.swift */,
				7E6452E42B1B5ECD00D6945B /* ResetPwdViewModel.swift */,
			);
			path = ViewModel;
			sourceTree = "<group>";
		};
		7EB4C0F92B124C4700105DF4 = {
			isa = PBXGroup;
			children = (
				7EB4C1042B124C4700105DF4 /* EcoPlay_ios_front */,
				7EB4C1032B124C4700105DF4 /* Products */,
			);
			sourceTree = "<group>";
		};
		7EB4C1032B124C4700105DF4 /* Products */ = {
			isa = PBXGroup;
			children = (
				7EB4C1022B124C4700105DF4 /* EcoPlay_ios_front.app */,
			);
			name = Products;
			sourceTree = "<group>";
		};
		7EB4C1042B124C4700105DF4 /* EcoPlay_ios_front */ = {
			isa = PBXGroup;
			children = (
				7E6452D32B15278800D6945B /* ViewModel */,
				7E6452D02B1526E400D6945B /* ApiService */,
				7E6452CD2B15262B00D6945B /* Model */,
				7EB4C11D2B13B47F00105DF4 /* Helpers */,
				7EB4C11A2B139E2A00105DF4 /* View */,
				7EB4C1052B124C4700105DF4 /* EcoPlay_ios_frontApp.swift */,
				7EB4C1072B124C4700105DF4 /* ContentView.swift */,
				7EB4C1092B124C4900105DF4 /* Assets.xcassets */,
				7EB4C10E2B124C4900105DF4 /* Persistence.swift */,
				7EB4C1102B124C4900105DF4 /* EcoPlay_ios_front.xcdatamodeld */,
				7EB4C10B2B124C4900105DF4 /* Preview Content */,
			);
			path = EcoPlay_ios_front;
			sourceTree = "<group>";
		};
		7EB4C10B2B124C4900105DF4 /* Preview Content */ = {
			isa = PBXGroup;
			children = (
				7EB4C10C2B124C4900105DF4 /* Preview Assets.xcassets */,
			);
			path = "Preview Content";
			sourceTree = "<group>";
		};
		7EB4C11A2B139E2A00105DF4 /* View */ = {
			isa = PBXGroup;
			children = (
				7EB4C11B2B139EFE00105DF4 /* LoginView.swift */,
				7EB4C1202B13D22D00105DF4 /* RegisterView.swift */,
				7E6452C12B13FCCD00D6945B /* ForgetPwdView.swift */,
				7E6452C32B14111D00D6945B /* ResetPwdView.swift */,
				7E6452C52B1417C100D6945B /* OTPView.swift */,
				7E6452C72B14EEDE00D6945B /* ProfileView.swift */,
				7E6452C92B14F6B500D6945B /* AccountPage.swift */,
				7E6452CB2B14F70400D6945B /* AchievementsPage.swift */,
			);
			path = View;
			sourceTree = "<group>";
		};
		7EB4C11D2B13B47F00105DF4 /* Helpers */ = {
			isa = PBXGroup;
			children = (
				7EB4C11E2B13B51200105DF4 /* CustomTF.swift */,
			);
			path = Helpers;
			sourceTree = "<group>";
		};
/* End PBXGroup section */

/* Begin PBXNativeTarget section */
		7EB4C1012B124C4700105DF4 /* EcoPlay_ios_front */ = {
			isa = PBXNativeTarget;
			buildConfigurationList = 7EB4C1152B124C4900105DF4 /* Build configuration list for PBXNativeTarget "EcoPlay_ios_front" */;
			buildPhases = (
				7EB4C0FE2B124C4700105DF4 /* Sources */,
				7EB4C0FF2B124C4700105DF4 /* Frameworks */,
				7EB4C1002B124C4700105DF4 /* Resources */,
			);
			buildRules = (
			);
			dependencies = (
			);
			name = EcoPlay_ios_front;
			productName = EcoPlay_ios_front;
			productReference = 7EB4C1022B124C4700105DF4 /* EcoPlay_ios_front.app */;
			productType = "com.apple.product-type.application";
		};
/* End PBXNativeTarget section */

/* Begin PBXProject section */
		7EB4C0FA2B124C4700105DF4 /* Project object */ = {
			isa = PBXProject;
			attributes = {
				BuildIndependentTargetsInParallel = 1;
				LastSwiftUpdateCheck = 1430;
				LastUpgradeCheck = 1430;
				TargetAttributes = {
					7EB4C1012B124C4700105DF4 = {
						CreatedOnToolsVersion = 14.3.1;
					};
				};
			};
			buildConfigurationList = 7EB4C0FD2B124C4700105DF4 /* Build configuration list for PBXProject "EcoPlay_ios_front" */;
			compatibilityVersion = "Xcode 14.0";
			developmentRegion = en;
			hasScannedForEncodings = 0;
			knownRegions = (
				en,
				Base,
			);
			mainGroup = 7EB4C0F92B124C4700105DF4;
			productRefGroup = 7EB4C1032B124C4700105DF4 /* Products */;
			projectDirPath = "";
			projectRoot = "";
			targets = (
				7EB4C1012B124C4700105DF4 /* EcoPlay_ios_front */,
			);
		};
/* End PBXProject section */

/* Begin PBXResourcesBuildPhase section */
		7EB4C1002B124C4700105DF4 /* Resources */ = {
			isa = PBXResourcesBuildPhase;
			buildActionMask = 2147483647;
			files = (
				7EB4C10D2B124C4900105DF4 /* Preview Assets.xcassets in Resources */,
				7EB4C10A2B124C4900105DF4 /* Assets.xcassets in Resources */,
			);
			runOnlyForDeploymentPostprocessing = 0;
		};
/* End PBXResourcesBuildPhase section */

/* Begin PBXSourcesBuildPhase section */
		7EB4C0FE2B124C4700105DF4 /* Sources */ = {
			isa = PBXSourcesBuildPhase;
			buildActionMask = 2147483647;
			files = (
				7EB4C10F2B124C4900105DF4 /* Persistence.swift in Sources */,
				7E6452CF2B1526B700D6945B /* LoginModel.swift in Sources */,
				7EB4C1122B124C4900105DF4 /* EcoPlay_ios_front.xcdatamodeld in Sources */,
				7E6452CA2B14F6B500D6945B /* AccountPage.swift in Sources */,
				7E6452E32B17F61B00D6945B /* OTPViewModel.swift in Sources */,
				7E6452D72B1527FA00D6945B /* LoginViewModel.swift in Sources */,
				7E6452C42B14111D00D6945B /* ResetPwdView.swift in Sources */,
				7EB4C11F2B13B51200105DF4 /* CustomTF.swift in Sources */,
				7E6452DB2B167C4200D6945B /* RegisterViewModel.swift in Sources */,
				7E6452C22B13FCCD00D6945B /* ForgetPwdView.swift in Sources */,
				7E6452D92B167B9100D6945B /* UserModel.swift in Sources */,
				7EB4C1212B13D22D00105DF4 /* RegisterView.swift in Sources */,
				7E6452E12B17AB9A00D6945B /* ForgetPwdViewModel.swift in Sources */,
				7E6452C62B1417C100D6945B /* OTPView.swift in Sources */,
				7EB4C1082B124C4700105DF4 /* ContentView.swift in Sources */,
				7EB4C11C2B139EFE00105DF4 /* LoginView.swift in Sources */,
				7E6452DF2B1695F600D6945B /* ProfileViewModel.swift in Sources */,
				7E6452DD2B167CDC00D6945B /* RegisterModel.swift in Sources */,
				7E6452D22B15270800D6945B /* UserService.swift in Sources */,
				7E6452E52B1B5ECD00D6945B /* ResetPwdViewModel.swift in Sources */,
				7E6452CC2B14F70400D6945B /* AchievementsPage.swift in Sources */,
				7E6452C82B14EEDE00D6945B /* ProfileView.swift in Sources */,
				7EB4C1062B124C4700105DF4 /* EcoPlay_ios_frontApp.swift in Sources */,
			);
			runOnlyForDeploymentPostprocessing = 0;
		};
/* End PBXSourcesBuildPhase section */

/* Begin XCBuildConfiguration section */
		7EB4C1132B124C4900105DF4 /* Debug */ = {
			isa = XCBuildConfiguration;
			buildSettings = {
				ALWAYS_SEARCH_USER_PATHS = NO;
				CLANG_ANALYZER_NONNULL = YES;
				CLANG_ANALYZER_NUMBER_OBJECT_CONVERSION = YES_AGGRESSIVE;
				CLANG_CXX_LANGUAGE_STANDARD = "gnu++20";
				CLANG_ENABLE_MODULES = YES;
				CLANG_ENABLE_OBJC_ARC = YES;
				CLANG_ENABLE_OBJC_WEAK = YES;
				CLANG_WARN_BLOCK_CAPTURE_AUTORELEASING = YES;
				CLANG_WARN_BOOL_CONVERSION = YES;
				CLANG_WARN_COMMA = YES;
				CLANG_WARN_CONSTANT_CONVERSION = YES;
				CLANG_WARN_DEPRECATED_OBJC_IMPLEMENTATIONS = YES;
				CLANG_WARN_DIRECT_OBJC_ISA_USAGE = YES_ERROR;
				CLANG_WARN_DOCUMENTATION_COMMENTS = YES;
				CLANG_WARN_EMPTY_BODY = YES;
				CLANG_WARN_ENUM_CONVERSION = YES;
				CLANG_WARN_INFINITE_RECURSION = YES;
				CLANG_WARN_INT_CONVERSION = YES;
				CLANG_WARN_NON_LITERAL_NULL_CONVERSION = YES;
				CLANG_WARN_OBJC_IMPLICIT_RETAIN_SELF = YES;
				CLANG_WARN_OBJC_LITERAL_CONVERSION = YES;
				CLANG_WARN_OBJC_ROOT_CLASS = YES_ERROR;
				CLANG_WARN_QUOTED_INCLUDE_IN_FRAMEWORK_HEADER = YES;
				CLANG_WARN_RANGE_LOOP_ANALYSIS = YES;
				CLANG_WARN_STRICT_PROTOTYPES = YES;
				CLANG_WARN_SUSPICIOUS_MOVE = YES;
				CLANG_WARN_UNGUARDED_AVAILABILITY = YES_AGGRESSIVE;
				CLANG_WARN_UNREACHABLE_CODE = YES;
				CLANG_WARN__DUPLICATE_METHOD_MATCH = YES;
				COPY_PHASE_STRIP = NO;
				DEBUG_INFORMATION_FORMAT = dwarf;
				ENABLE_STRICT_OBJC_MSGSEND = YES;
				ENABLE_TESTABILITY = YES;
				GCC_C_LANGUAGE_STANDARD = gnu11;
				GCC_DYNAMIC_NO_PIC = NO;
				GCC_NO_COMMON_BLOCKS = YES;
				GCC_OPTIMIZATION_LEVEL = 0;
				GCC_PREPROCESSOR_DEFINITIONS = (
					"DEBUG=1",
					"$(inherited)",
				);
				GCC_WARN_64_TO_32_BIT_CONVERSION = YES;
				GCC_WARN_ABOUT_RETURN_TYPE = YES_ERROR;
				GCC_WARN_UNDECLARED_SELECTOR = YES;
				GCC_WARN_UNINITIALIZED_AUTOS = YES_AGGRESSIVE;
				GCC_WARN_UNUSED_FUNCTION = YES;
				GCC_WARN_UNUSED_VARIABLE = YES;
				IPHONEOS_DEPLOYMENT_TARGET = 16.4;
				MTL_ENABLE_DEBUG_INFO = INCLUDE_SOURCE;
				MTL_FAST_MATH = YES;
				ONLY_ACTIVE_ARCH = YES;
				SDKROOT = iphoneos;
				SWIFT_ACTIVE_COMPILATION_CONDITIONS = DEBUG;
				SWIFT_OPTIMIZATION_LEVEL = "-Onone";
			};
			name = Debug;
		};
		7EB4C1142B124C4900105DF4 /* Release */ = {
			isa = XCBuildConfiguration;
			buildSettings = {
				ALWAYS_SEARCH_USER_PATHS = NO;
				CLANG_ANALYZER_NONNULL = YES;
				CLANG_ANALYZER_NUMBER_OBJECT_CONVERSION = YES_AGGRESSIVE;
				CLANG_CXX_LANGUAGE_STANDARD = "gnu++20";
				CLANG_ENABLE_MODULES = YES;
				CLANG_ENABLE_OBJC_ARC = YES;
				CLANG_ENABLE_OBJC_WEAK = YES;
				CLANG_WARN_BLOCK_CAPTURE_AUTORELEASING = YES;
				CLANG_WARN_BOOL_CONVERSION = YES;
				CLANG_WARN_COMMA = YES;
				CLANG_WARN_CONSTANT_CONVERSION = YES;
				CLANG_WARN_DEPRECATED_OBJC_IMPLEMENTATIONS = YES;
				CLANG_WARN_DIRECT_OBJC_ISA_USAGE = YES_ERROR;
				CLANG_WARN_DOCUMENTATION_COMMENTS = YES;
				CLANG_WARN_EMPTY_BODY = YES;
				CLANG_WARN_ENUM_CONVERSION = YES;
				CLANG_WARN_INFINITE_RECURSION = YES;
				CLANG_WARN_INT_CONVERSION = YES;
				CLANG_WARN_NON_LITERAL_NULL_CONVERSION = YES;
				CLANG_WARN_OBJC_IMPLICIT_RETAIN_SELF = YES;
				CLANG_WARN_OBJC_LITERAL_CONVERSION = YES;
				CLANG_WARN_OBJC_ROOT_CLASS = YES_ERROR;
				CLANG_WARN_QUOTED_INCLUDE_IN_FRAMEWORK_HEADER = YES;
				CLANG_WARN_RANGE_LOOP_ANALYSIS = YES;
				CLANG_WARN_STRICT_PROTOTYPES = YES;
				CLANG_WARN_SUSPICIOUS_MOVE = YES;
				CLANG_WARN_UNGUARDED_AVAILABILITY = YES_AGGRESSIVE;
				CLANG_WARN_UNREACHABLE_CODE = YES;
				CLANG_WARN__DUPLICATE_METHOD_MATCH = YES;
				COPY_PHASE_STRIP = NO;
				DEBUG_INFORMATION_FORMAT = "dwarf-with-dsym";
				ENABLE_NS_ASSERTIONS = NO;
				ENABLE_STRICT_OBJC_MSGSEND = YES;
				GCC_C_LANGUAGE_STANDARD = gnu11;
				GCC_NO_COMMON_BLOCKS = YES;
				GCC_WARN_64_TO_32_BIT_CONVERSION = YES;
				GCC_WARN_ABOUT_RETURN_TYPE = YES_ERROR;
				GCC_WARN_UNDECLARED_SELECTOR = YES;
				GCC_WARN_UNINITIALIZED_AUTOS = YES_AGGRESSIVE;
				GCC_WARN_UNUSED_FUNCTION = YES;
				GCC_WARN_UNUSED_VARIABLE = YES;
				IPHONEOS_DEPLOYMENT_TARGET = 16.4;
				MTL_ENABLE_DEBUG_INFO = NO;
				MTL_FAST_MATH = YES;
				SDKROOT = iphoneos;
				SWIFT_COMPILATION_MODE = wholemodule;
				SWIFT_OPTIMIZATION_LEVEL = "-O";
				VALIDATE_PRODUCT = YES;
			};
			name = Release;
		};
		7EB4C1162B124C4900105DF4 /* Debug */ = {
			isa = XCBuildConfiguration;
			buildSettings = {
				ASSETCATALOG_COMPILER_APPICON_NAME = AppIcon;
				ASSETCATALOG_COMPILER_GLOBAL_ACCENT_COLOR_NAME = AccentColor;
				CODE_SIGN_STYLE = Automatic;
				CURRENT_PROJECT_VERSION = 1;
				DEVELOPMENT_ASSET_PATHS = "\"EcoPlay_ios_front/Preview Content\"";
				DEVELOPMENT_TEAM = LD4H6PQ5AA;
				ENABLE_PREVIEWS = YES;
				GENERATE_INFOPLIST_FILE = YES;
				INFOPLIST_KEY_UIApplicationSceneManifest_Generation = YES;
				INFOPLIST_KEY_UIApplicationSupportsIndirectInputEvents = YES;
				INFOPLIST_KEY_UILaunchScreen_Generation = YES;
				INFOPLIST_KEY_UISupportedInterfaceOrientations_iPad = "UIInterfaceOrientationPortrait UIInterfaceOrientationPortraitUpsideDown UIInterfaceOrientationLandscapeLeft UIInterfaceOrientationLandscapeRight";
				INFOPLIST_KEY_UISupportedInterfaceOrientations_iPhone = "UIInterfaceOrientationPortrait UIInterfaceOrientationLandscapeLeft UIInterfaceOrientationLandscapeRight";
				LD_RUNPATH_SEARCH_PATHS = (
					"$(inherited)",
					"@executable_path/Frameworks",
				);
				MARKETING_VERSION = 1.0;
				PRODUCT_BUNDLE_IDENTIFIER = "com.dhia.test.EcoPlay-ios-front";
				PRODUCT_NAME = "$(TARGET_NAME)";
				SWIFT_EMIT_LOC_STRINGS = YES;
				SWIFT_VERSION = 5.0;
				TARGETED_DEVICE_FAMILY = "1,2";
			};
			name = Debug;
		};
		7EB4C1172B124C4900105DF4 /* Release */ = {
			isa = XCBuildConfiguration;
			buildSettings = {
				ASSETCATALOG_COMPILER_APPICON_NAME = AppIcon;
				ASSETCATALOG_COMPILER_GLOBAL_ACCENT_COLOR_NAME = AccentColor;
				CODE_SIGN_STYLE = Automatic;
				CURRENT_PROJECT_VERSION = 1;
				DEVELOPMENT_ASSET_PATHS = "\"EcoPlay_ios_front/Preview Content\"";
				DEVELOPMENT_TEAM = LD4H6PQ5AA;
				ENABLE_PREVIEWS = YES;
				GENERATE_INFOPLIST_FILE = YES;
				INFOPLIST_KEY_UIApplicationSceneManifest_Generation = YES;
				INFOPLIST_KEY_UIApplicationSupportsIndirectInputEvents = YES;
				INFOPLIST_KEY_UILaunchScreen_Generation = YES;
				INFOPLIST_KEY_UISupportedInterfaceOrientations_iPad = "UIInterfaceOrientationPortrait UIInterfaceOrientationPortraitUpsideDown UIInterfaceOrientationLandscapeLeft UIInterfaceOrientationLandscapeRight";
				INFOPLIST_KEY_UISupportedInterfaceOrientations_iPhone = "UIInterfaceOrientationPortrait UIInterfaceOrientationLandscapeLeft UIInterfaceOrientationLandscapeRight";
				LD_RUNPATH_SEARCH_PATHS = (
					"$(inherited)",
					"@executable_path/Frameworks",
				);
				MARKETING_VERSION = 1.0;
				PRODUCT_BUNDLE_IDENTIFIER = "com.dhia.test.EcoPlay-ios-front";
				PRODUCT_NAME = "$(TARGET_NAME)";
				SWIFT_EMIT_LOC_STRINGS = YES;
				SWIFT_VERSION = 5.0;
				TARGETED_DEVICE_FAMILY = "1,2";
			};
			name = Release;
		};
/* End XCBuildConfiguration section */

/* Begin XCConfigurationList section */
		7EB4C0FD2B124C4700105DF4 /* Build configuration list for PBXProject "EcoPlay_ios_front" */ = {
			isa = XCConfigurationList;
			buildConfigurations = (
				7EB4C1132B124C4900105DF4 /* Debug */,
				7EB4C1142B124C4900105DF4 /* Release */,
			);
			defaultConfigurationIsVisible = 0;
			defaultConfigurationName = Release;
		};
		7EB4C1152B124C4900105DF4 /* Build configuration list for PBXNativeTarget "EcoPlay_ios_front" */ = {
			isa = XCConfigurationList;
			buildConfigurations = (
				7EB4C1162B124C4900105DF4 /* Debug */,
				7EB4C1172B124C4900105DF4 /* Release */,
			);
			defaultConfigurationIsVisible = 0;
			defaultConfigurationName = Release;
		};
/* End XCConfigurationList section */

/* Begin XCVersionGroup section */
		7EB4C1102B124C4900105DF4 /* EcoPlay_ios_front.xcdatamodeld */ = {
			isa = XCVersionGroup;
			children = (
				7EB4C1112B124C4900105DF4 /* EcoPlay_ios_front.xcdatamodel */,
			);
			currentVersion = 7EB4C1112B124C4900105DF4 /* EcoPlay_ios_front.xcdatamodel */;
			path = EcoPlay_ios_front.xcdatamodeld;
			sourceTree = "<group>";
			versionGroupType = wrapper.xcdatamodel;
		};
/* End XCVersionGroup section */
	};
	rootObject = 7EB4C0FA2B124C4700105DF4 /* Project object */;
}
